PODS:
  - AMap3DMap (5.4.0):
    - AMapFoundation (~> 1.3)
  - AMapFoundation (1.4.2)
  - MJRefresh (3.1.14)

DEPENDENCIES:
  - AMap3DMap
  - MJRefresh

SPEC REPOS:
  https://github.com/CocoaPods/Specs.git:
    - AMap3DMap
    - AMapFoundation
    - MJRefresh

SPEC CHECKSUMS:
  AMap3DMap: 3eb906ac6b9d488413ab26c24f67eca4b4ad4641
  AMapFoundation: 6c0471c9a6a0ad17dad46e3d800ad56ca170f82a
  MJRefresh: 6642e35b3227a5447b9fd5e17c552c90196c9859

PODFILE CHECKSUM: 167af849a1af81dcc9bf9fb221b07dc2d12c5898

COCOAPODS: 1.5.0
