PODS:
  - AMap3DMap (7.7.0):
    - AMapFoundation (~> 1.6.3)
  - AMapFoundation (1.6.5.1)
  - MJRefresh (3.5.0)

DEPENDENCIES:
  - AMap3DMap
  - MJRefresh

SPEC REPOS:
  https://github.com/CocoaPods/Specs.git:
    - AMap3DMap
    - AMapFoundation
    - MJRefresh

SPEC CHECKSUMS:
  AMap3DMap: afc02ebcd27ae2779e77ea16fa65586ec182ec69
  AMapFoundation: b67560a6f21aab81c8c12f84616b55a3833b6253
  MJRefresh: 6afc955813966afb08305477dd7a0d9ad5e79a16

PODFILE CHECKSUM: 458fcdc23cec2d07ff98e043d1e7d986a664b15b

COCOAPODS: 1.12.0
